
Microsoft Visual Studio Solution File, Format Version 12.00
# Visual Studio 2017
Project("{FAE04EC0-301F-11D3-BF4B-00C04F79EFBC}") = "MasterclassMuseumMapDigGame", "MasterclassMuseumMapDigGame.csproj", "{0013187E-1E55-7BEA-5F04-E3B8A1213E34}"
EndProject
Global
	GlobalSection(SolutionConfigurationPlatforms) = preSolution
		Debug|Any CPU = Debug|Any CPU
		Release|Any CPU = Release|Any CPU
	EndGlobalSection
	GlobalSection(ProjectConfigurationPlatforms) = postSolution
		{0013187E-1E55-7BEA-5F04-E3B8A1213E34}.Debug|Any CPU.ActiveCfg = Debug|Any CPU
		{0013187E-1E55-7BEA-5F04-E3B8A1213E34}.Debug|Any CPU.Build.0 = Debug|Any CPU
		{0013187E-1E55-7BEA-5F04-E3B8A1213E34}.Release|Any CPU.ActiveCfg = Release|Any CPU
		{0013187E-1E55-7BEA-5F04-E3B8A1213E34}.Release|Any CPU.Build.0 = Release|Any CPU
	EndGlobalSection
	GlobalSection(SolutionProperties) = preSolution
		HideSolutionNode = FALSE
	EndGlobalSection
EndGlobal
